
Microsoft Visual Studio Solution File, Format Version 12.00
# Visual Studio Version 17
VisualStudioVersion = 17.5.33530.505
MinimumVisualStudioVersion = 10.0.40219.1
Project("{FAE04EC0-301F-11D3-BF4B-00C04F79EFBC}") = "coursework", "coursework\coursework.csproj", "{221D353D-DB0B-4F48-84AB-B7C20F35C05A}"
EndProject
Global
	GlobalSection(SolutionConfigurationPlatforms) = preSolution
		Debug|Any CPU = Debug|Any CPU
		Release|Any CPU = Release|Any CPU
	EndGlobalSection
	GlobalSection(ProjectConfigurationPlatforms) = postSolution
		{221D353D-DB0B-4F48-84AB-B7C20F35C05A}.Debug|Any CPU.ActiveCfg = Debug|Any CPU
		{221D353D-DB0B-4F48-84AB-B7C20F35C05A}.Debug|Any CPU.Build.0 = Debug|Any CPU
		{221D353D-DB0B-4F48-84AB-B7C20F35C05A}.Release|Any CPU.ActiveCfg = Release|Any CPU
		{221D353D-DB0B-4F48-84AB-B7C20F35C05A}.Release|Any CPU.Build.0 = Release|Any CPU
	EndGlobalSection
	GlobalSection(SolutionProperties) = preSolution
		HideSolutionNode = FALSE
	EndGlobalSection
	GlobalSection(ExtensibilityGlobals) = postSolution
		SolutionGuid = {DCCE36A0-F149-470B-8A7A-877952A33816}
	EndGlobalSection
EndGlobal
